
Microsoft Visual Studio Solution File, Format Version 12.00
# Visual Studio Version 17
VisualStudioVersion = 17.11.35312.102
MinimumVisualStudioVersion = 10.0.40219.1
Project("{9A19103F-16F7-4668-BE54-9A1E7A4F7556}") = "InventoryMgmtQA", "InventoryMgmtQA.csproj", "{096AC2AC-34DE-472D-9B32-B4A85E352515}"
EndProject
Global
	GlobalSection(SolutionConfigurationPlatforms) = preSolution
		Debug|Any CPU = Debug|Any CPU
		Release|Any CPU = Release|Any CPU
	EndGlobalSection
	GlobalSection(ProjectConfigurationPlatforms) = postSolution
		{096AC2AC-34DE-472D-9B32-B4A85E352515}.Debug|Any CPU.ActiveCfg = Debug|Any CPU
		{096AC2AC-34DE-472D-9B32-B4A85E352515}.Debug|Any CPU.Build.0 = Debug|Any CPU
		{096AC2AC-34DE-472D-9B32-B4A85E352515}.Release|Any CPU.ActiveCfg = Release|Any CPU
		{096AC2AC-34DE-472D-9B32-B4A85E352515}.Release|Any CPU.Build.0 = Release|Any CPU
	EndGlobalSection
	GlobalSection(SolutionProperties) = preSolution
		HideSolutionNode = FALSE
	EndGlobalSection
	GlobalSection(ExtensibilityGlobals) = postSolution
		SolutionGuid = {1F5249D2-A705-4ADC-AE6C-3F9AC4B80B5F}
	EndGlobalSection
EndGlobal
